{
  "version": "3",
  "remote": {
    "https://deno.land/std@0.118.0/_util/assert.ts": "2f868145a042a11d5ad0a3c748dcf580add8a0dbc0e876eaa0026303a5488f58",
    "https://deno.land/std@0.118.0/_util/os.ts": "dfb186cc4e968c770ab6cc3288bd65f4871be03b93beecae57d657232ecffcac",
    "https://deno.land/std@0.118.0/path/_constants.ts": "1247fee4a79b70c89f23499691ef169b41b6ccf01887a0abd131009c5581b853",
    "https://deno.land/std@0.118.0/path/_interface.ts": "1fa73b02aaa24867e481a48492b44f2598cd9dfa513c7b34001437007d3642e4",
    "https://deno.land/std@0.118.0/path/_util.ts": "2e06a3b9e79beaf62687196bd4b60a4c391d862cfa007a20fc3a39f778ba073b",
    "https://deno.land/std@0.118.0/path/common.ts": "f41a38a0719a1e85aa11c6ba3bea5e37c15dd009d705bd8873f94c833568cbc4",
    "https://deno.land/std@0.118.0/path/glob.ts": "ea87985765b977cc284b92771003b2070c440e0807c90e1eb0ff3e095911a820",
    "https://deno.land/std@0.118.0/path/mod.ts": "4465dc494f271b02569edbb4a18d727063b5dbd6ed84283ff906260970a15d12",
    "https://deno.land/std@0.118.0/path/posix.ts": "34349174b9cd121625a2810837a82dd8b986bbaaad5ade690d1de75bbb4555b2",
    "https://deno.land/std@0.118.0/path/separator.ts": "8fdcf289b1b76fd726a508f57d3370ca029ae6976fcde5044007f062e643ff1c",
    "https://deno.land/std@0.118.0/path/win32.ts": "11549e8c6df8307a8efcfa47ad7b2a75da743eac7d4c89c9723a944661c8bd2e",
    "https://deno.land/std@0.171.0/_util/asserts.ts": "178dfc49a464aee693a7e285567b3d0b555dc805ff490505a8aae34f9cfb1462",
    "https://deno.land/std@0.171.0/_util/os.ts": "d932f56d41e4f6a6093d56044e29ce637f8dcc43c5a90af43504a889cf1775e3",
    "https://deno.land/std@0.171.0/async/abortable.ts": "73acfb3ed7261ce0d930dbe89e43db8d34e017b063cf0eaa7d215477bf53442e",
    "https://deno.land/std@0.171.0/async/deadline.ts": "b98e50d2c42399af03ad13bbb8cf59dadb9f0cd5d70648cc0c3b9202d75ab565",
    "https://deno.land/std@0.171.0/async/debounce.ts": "adab11d04ca38d699444ac8a9d9856b4155e8dda2afd07ce78276c01ea5a4332",
    "https://deno.land/std@0.171.0/async/deferred.ts": "42790112f36a75a57db4a96d33974a936deb7b04d25c6084a9fa8a49f135def8",
    "https://deno.land/std@0.171.0/async/delay.ts": "73aa04cec034c84fc748c7be49bb15cac3dd43a57174bfdb7a4aec22c248f0dd",
    "https://deno.land/std@0.171.0/async/mod.ts": "f04344fa21738e5ad6bea37a6bfffd57c617c2d372bb9f9dcfd118a1b622e576",
    "https://deno.land/std@0.171.0/async/mux_async_iterator.ts": "70c7f2ee4e9466161350473ad61cac0b9f115cff4c552eaa7ef9d50c4cbb4cc9",
    "https://deno.land/std@0.171.0/async/pool.ts": "fd082bd4aaf26445909889435a5c74334c017847842ec035739b4ae637ae8260",
    "https://deno.land/std@0.171.0/async/retry.ts": "5efa3ba450ac0c07a40a82e2df296287b5013755d232049efd7ea2244f15b20f",
    "https://deno.land/std@0.171.0/async/tee.ts": "47e42d35f622650b02234d43803d0383a89eb4387e1b83b5a40106d18ae36757",
    "https://deno.land/std@0.171.0/datetime/to_imf.ts": "851d072a1c86c7ec34c753e61b1951ceda50c9da805b170a0ecaea3b024dd266",
    "https://deno.land/std@0.171.0/fmt/colors.ts": "938c5d44d889fb82eff6c358bea8baa7e85950a16c9f6dae3ec3a7a729164471",
    "https://deno.land/std@0.171.0/http/_negotiation/common.ts": "14d1a52427ab258a4b7161cd80e1d8a207b7cc64b46e911780f57ead5f4323c6",
    "https://deno.land/std@0.171.0/http/_negotiation/encoding.ts": "ff747d107277c88cb7a6a62a08eeb8d56dad91564cbcccb30694d5dc126dcc53",
    "https://deno.land/std@0.171.0/http/_negotiation/language.ts": "7bcddd8db3330bdb7ce4fc00a213c5547c1968139864201efd67ef2d0d51887d",
    "https://deno.land/std@0.171.0/http/_negotiation/media_type.ts": "58847517cd549384ad677c0fe89e0a4815be36fe7a303ea63cee5f6a1d7e1692",
    "https://deno.land/std@0.171.0/http/cookie.ts": "4afa70654aee951b1b5a82b8939566843bf6eea605a961c7abc8e9705afd0a20",
    "https://deno.land/std@0.171.0/http/cookie_map.ts": "8cf428c03ef17c197196a5c382495cd4adecbfb597f6f8f3cd7e1775c3e79ffd",
    "https://deno.land/std@0.171.0/http/http_errors.ts": "57169d9bdf4cda1982a3742693c146ab1bf2cbc88df003b40ac905a30013d4cb",
    "https://deno.land/std@0.171.0/http/http_status.ts": "8a7bcfe3ac025199ad804075385e57f63d055b2aed539d943ccc277616d6f932",
    "https://deno.land/std@0.171.0/http/mod.ts": "b8039c604915f9b27fea8e251479ae30e4d15b1c01223b73fb0399e763fe2a5d",
    "https://deno.land/std@0.171.0/http/negotiation.ts": "32761c921afa7847cf767fe81c81785721abccc0db0fc51c7ec2a45868b4ee4a",
    "https://deno.land/std@0.171.0/http/server.ts": "cbb17b594651215ba95c01a395700684e569c165a567e4e04bba327f41197433",
    "https://deno.land/std@0.171.0/path/_constants.ts": "e49961f6f4f48039c0dfed3c3f93e963ca3d92791c9d478ac5b43183413136e0",
    "https://deno.land/std@0.171.0/path/_interface.ts": "6471159dfbbc357e03882c2266d21ef9afdb1e4aa771b0545e90db58a0ba314b",
    "https://deno.land/std@0.171.0/path/_util.ts": "86c2375a996c1931b2f2ac71fefd5ddf0cf0e579fa4ab12d3e4c552d4223b8d8",
    "https://deno.land/std@0.171.0/path/common.ts": "ee7505ab01fd22de3963b64e46cff31f40de34f9f8de1fff6a1bd2fe79380000",
    "https://deno.land/std@0.171.0/path/glob.ts": "d479e0a695621c94d3fd7fe7abd4f9499caf32a8de13f25073451c6ef420a4e1",
    "https://deno.land/std@0.171.0/path/mod.ts": "4b83694ac500d7d31b0cdafc927080a53dc0c3027eb2895790fb155082b0d232",
    "https://deno.land/std@0.171.0/path/posix.ts": "2ecc259e6f34013889b7638ff90339a82d8178f629155761ce6001e41af55a43",
    "https://deno.land/std@0.171.0/path/separator.ts": "0fb679739d0d1d7bf45b68dacfb4ec7563597a902edbaf3c59b50d5bcadd93b1",
    "https://deno.land/std@0.171.0/path/win32.ts": "99170a0eb0e2b1ce41499c1e86bb55320cb6606299ad947f57ee0a291cdb93d5",
    "https://deno.land/std@0.171.0/testing/_diff.ts": "1a3c044aedf77647d6cac86b798c6417603361b66b54c53331b312caeb447aea",
    "https://deno.land/std@0.171.0/testing/_format.ts": "a69126e8a469009adf4cf2a50af889aca364c349797e63174884a52ff75cf4c7",
    "https://deno.land/std@0.171.0/testing/asserts.ts": "984ab0bfb3faeed92ffaa3a6b06536c66811185328c5dd146257c702c41b01ab",
    "https://deno.land/x/alosaur@v0.38.0/mod.ts": "7d0397dc2a9a33f95a564e027067686d08aff3d9151d49230cbd3d0302c56973",
    "https://deno.land/x/alosaur@v0.38.0/src/decorator/Area.ts": "ae5de805032b12c874a342d9c1dbf03b44ee42808265538c2631c1c95a9947d7",
    "https://deno.land/x/alosaur@v0.38.0/src/decorator/Body.ts": "23a3ab5e7d0bdd64b795d39f12122be237aeb83b5c8fadbd9abc49593600ffe3",
    "https://deno.land/x/alosaur@v0.38.0/src/decorator/Context.ts": "c0f05fd73a72634447468a6f528a9debeeebb638d705d587eecded9b65cb81ae",
    "https://deno.land/x/alosaur@v0.38.0/src/decorator/Controller.ts": "acc7b08482895b59715b0db29a27eb3963bbea99aec8de66cd77181e3c9f470d",
    "https://deno.land/x/alosaur@v0.38.0/src/decorator/Cookie.ts": "19ca68b8220917b125f1b0d6ae5174abc065529acba1240fe0c251166b94260b",
    "https://deno.land/x/alosaur@v0.38.0/src/decorator/Delete.ts": "e8324a1070fe13c3c8d60f6616ab595e6a799258d6b1edf7320e66d5e40978f8",
    "https://deno.land/x/alosaur@v0.38.0/src/decorator/Get.ts": "7077c25c6ad6692ac8cb8bf5757e7160597d6bbc362590c67a0ef9c29d008e2a",
    "https://deno.land/x/alosaur@v0.38.0/src/decorator/Middleware.ts": "5387aa0743161f86512708d1fcb64047a7699a996d764724634b509636f10cd1",
    "https://deno.land/x/alosaur@v0.38.0/src/decorator/Param.ts": "d277a3a391c44adc94c55dde2a0a583aae4f0f6ec3ee77568932afe085db9914",
    "https://deno.land/x/alosaur@v0.38.0/src/decorator/Patch.ts": "b5e83dc5a0e0d69bd3d25b3cffaa9e012057eb14d27556877f9fee28c9ab8bc3",
    "https://deno.land/x/alosaur@v0.38.0/src/decorator/Post.ts": "e9bac02f4563e6c57c25adf8011336706f7136880a72b4f4d44aa768f3c1b479",
    "https://deno.land/x/alosaur@v0.38.0/src/decorator/Put.ts": "3db966ca111f1399812007d50e666f4caacc5b5e2c3eede8f100364232698c9b",
    "https://deno.land/x/alosaur@v0.38.0/src/decorator/QueryParam.ts": "47f6174dd2f174f338ff2e31a6f246f223b2dcbf2ba4e90d09dbf312061781a5",
    "https://deno.land/x/alosaur@v0.38.0/src/decorator/QueryParams.ts": "8568111d118fd6894788ffba3ce4a8bafe7124df46691073e6da864bb1532af4",
    "https://deno.land/x/alosaur@v0.38.0/src/decorator/Req.ts": "509247d6960acc5e626ebe980d45d9a39ae40c4ab128830285e222c12035b998",
    "https://deno.land/x/alosaur@v0.38.0/src/decorator/Res.ts": "dabe0566f24ac3fca3ec4e58468d8a26625945467cab682108a12d2d2945ee46",
    "https://deno.land/x/alosaur@v0.38.0/src/decorator/UseHook.ts": "701592e381e380810c6e0b6e5362105d10283d7a3b9bf815ee57aefe126c3adc",
    "https://deno.land/x/alosaur@v0.38.0/src/decorator/mod.ts": "30fcd0697cebf660269358908a5d4190a1b087af10a331d65a12be84c9a74cd5",
    "https://deno.land/x/alosaur@v0.38.0/src/deps.ts": "5e1ad4d0316eefe852025b975c3ac84c4dc1cd6cb3994d72a436a6ca5990233f",
    "https://deno.land/x/alosaur@v0.38.0/src/deps_test.ts": "65c029f733f82823caf91d68ace7529820d0e33a58f33bd4566a8b543a40aad4",
    "https://deno.land/x/alosaur@v0.38.0/src/http-error/BadRequestError.ts": "c26a821b0def84a3087bb72707ce8f4e491e8cf16fb1ba9a46cf7059e7938423",
    "https://deno.land/x/alosaur@v0.38.0/src/http-error/ForbiddenError.ts": "ecc7d11723fd8c27a8b61a16d23095a6368de8288614aecfe089abb28fbc4eb9",
    "https://deno.land/x/alosaur@v0.38.0/src/http-error/HttpError.ts": "b6afecc90a6249e9e5293111dcf2d05fc9745ed5fadb970cb569444c24d85b90",
    "https://deno.land/x/alosaur@v0.38.0/src/http-error/InternalServerError.ts": "7f96a632813eceee388c9cf768f974594c724da5cabd79ef58cd7d577775000e",
    "https://deno.land/x/alosaur@v0.38.0/src/http-error/MethodNotAllowedError.ts": "313dfa2b1253e4dbca0720902879472aa35c0f27dbef9e3446abd0a4aeca243b",
    "https://deno.land/x/alosaur@v0.38.0/src/http-error/NotAcceptableError.ts": "b0711bad7629def9fe94d51efdcfc6d4244a8dc006561844c762c88a72be3505",
    "https://deno.land/x/alosaur@v0.38.0/src/http-error/NotFoundError.ts": "a5aab66d3dea08b24e483ab099e195c5f0f18b8a33a3136f6306f260391b9a2c",
    "https://deno.land/x/alosaur@v0.38.0/src/http-error/UnauthorizedError.ts": "d80fd8a68d0b7a14d406401befc803056c167c80712ffa77af3a840d29fc5925",
    "https://deno.land/x/alosaur@v0.38.0/src/http-error/mod.ts": "032a22249feeb1079180e281ab4ffc1242dbfa8d4f4104e8a1ec4fa4c15d1812",
    "https://deno.land/x/alosaur@v0.38.0/src/injection/decorators/auto-injectable.ts": "f675b9b4d0a2ccd2f8e760b740afcf7dc3fd8fdc5429afe294d7f1104f30edd2",
    "https://deno.land/x/alosaur@v0.38.0/src/injection/decorators/index.ts": "bbf4a752e33a2deb1c4e27b22ca77ab535c40b744a7d07fc071df107481bfa21",
    "https://deno.land/x/alosaur@v0.38.0/src/injection/decorators/inject-all.ts": "65936a8c4abdb0da36fa8379baed647ae660a70fd5cab383ee164c6e6d74af83",
    "https://deno.land/x/alosaur@v0.38.0/src/injection/decorators/inject.ts": "7293561675c1abbaed7efd7a17c3c25578c28fdaf0daa8390e4dc7858b739177",
    "https://deno.land/x/alosaur@v0.38.0/src/injection/decorators/injectable.ts": "60a0df6ff961ced003ce2253a2b13d4600935f48f5c517f96f1461bf0030875d",
    "https://deno.land/x/alosaur@v0.38.0/src/injection/decorators/registry.ts": "02781a2aa6e5bb309d6207a0a9e8e15a0ff677a334e3c7a03656afa97f64ee60",
    "https://deno.land/x/alosaur@v0.38.0/src/injection/decorators/scoped.ts": "e716681fa7dfb4928f9a11ef2a2ffbda2bcbe80ee5ec687c0a6fdeef16d685ea",
    "https://deno.land/x/alosaur@v0.38.0/src/injection/decorators/singleton.ts": "f76e9cb20505fa98bd554d9124ae8784c420c78db0e709766f8c49c8dac96334",
    "https://deno.land/x/alosaur@v0.38.0/src/injection/dependency-container.ts": "03cf6315940f4e76fafa9d76e3c8770e46635489d6fe78ff611a3b38c5fd774d",
    "https://deno.land/x/alosaur@v0.38.0/src/injection/error-helpers.ts": "d928dc5fd2b22432aa7ca046e8486131a0e36bec8924465501e858dd022f2435",
    "https://deno.land/x/alosaur@v0.38.0/src/injection/factories/factory-function.ts": "4acf4a6e29b8b0685d37267779afd9b3e458f2dc1735ac03859a3704c71523a2",
    "https://deno.land/x/alosaur@v0.38.0/src/injection/factories/index.ts": "2cbca5208585535088b1fdd3c8316ce4b1212002c2b1e53a7df1278f0a73e9f3",
    "https://deno.land/x/alosaur@v0.38.0/src/injection/factories/instance-caching-factory.ts": "2c3dea31387bb9969a06335ef3be64132624c6652e83e646932e651fb5d6d482",
    "https://deno.land/x/alosaur@v0.38.0/src/injection/factories/predicate-aware-class-factory.ts": "41489c46d1c0c809dcafbee1739d666a50f519158e01be07b96db229c58d5753",
    "https://deno.land/x/alosaur@v0.38.0/src/injection/index.ts": "ab565fc38fb45176ab5822ec3893930f6e6a349c41c608e0ee08bd870d419a0f",
    "https://deno.land/x/alosaur@v0.38.0/src/injection/lazy-helpers.ts": "267e7a411c9c0d2c1ce77bfec16ad543358c70600a5cfdbec9ec6bd35f9146d3",
    "https://deno.land/x/alosaur@v0.38.0/src/injection/providers/class-provider.ts": "fa5cef71098e12775171e2a76758ef22d52d3cce83b02b26d2483f772e75689c",
    "https://deno.land/x/alosaur@v0.38.0/src/injection/providers/factory-provider.ts": "a26f05aa53179167d23a526eff6ac0b92000ed1fa52307440eb86031eda27010",
    "https://deno.land/x/alosaur@v0.38.0/src/injection/providers/index.ts": "f1d6745974d20e3c43401f105c7e238b7cf726f7fdbfb53d7b4adb681f12a56c",
    "https://deno.land/x/alosaur@v0.38.0/src/injection/providers/injection-token.ts": "c5f6f49dd28947d910e1f436c1f29ba80504259ff73849f017ea00aa6907a508",
    "https://deno.land/x/alosaur@v0.38.0/src/injection/providers/provider.ts": "cc6a10ab154c7f97d9712f9e52ffb120bf1df4fe60ae6333af8e5cafdb67bb4c",
    "https://deno.land/x/alosaur@v0.38.0/src/injection/providers/token-provider.ts": "64062829cc7137d1096c2a8a2109a8ce8ac8f61de3c6b4294137117d7246e03a",
    "https://deno.land/x/alosaur@v0.38.0/src/injection/providers/value-provider.ts": "961d7692762fe0d092d47632c0bc00d2df01f482c2592c86710b71b67ceb47f0",
    "https://deno.land/x/alosaur@v0.38.0/src/injection/reflect.ts": "63c62730a493ea9421644a43fe931d9d85955717ea50e5798d9758c952b8c58e",
    "https://deno.land/x/alosaur@v0.38.0/src/injection/reflection-helpers.ts": "e5357f15b4feaccd60dc631833b2cc6ac4febc4bce6d42ad762c9783ec43d6c4",
    "https://deno.land/x/alosaur@v0.38.0/src/injection/registry.ts": "0796364758ba456854854751e28e76868649017558a7203c282756d36686445c",
    "https://deno.land/x/alosaur@v0.38.0/src/injection/resolution-context.ts": "3fd5122ff887f47ca4f7873c3f7e22b2562a1532e6ca0a1cfa2a046f1e9741b5",
    "https://deno.land/x/alosaur@v0.38.0/src/injection/types/constructor.ts": "38b8921cae01e071bba1d2c6ab1a83936ca4d9cdfe57dedb9f6cd8bb1ed36709",
    "https://deno.land/x/alosaur@v0.38.0/src/injection/types/dependency-container.ts": "bc938a0ff4f6b7f410cd1f8697e97b6cd6501c01821dd436f1263820189a3ff5",
    "https://deno.land/x/alosaur@v0.38.0/src/injection/types/dictionary.ts": "35762f1869795ad50aac227dbcecde8257415f4357be03f2368fdbd5b36f97ee",
    "https://deno.land/x/alosaur@v0.38.0/src/injection/types/index.ts": "d35613c867b40dc6a8a4c40bb6881ab40720fb749b1d5a761a579a14db947676",
    "https://deno.land/x/alosaur@v0.38.0/src/injection/types/lifecycle.ts": "7e89efba61c51ac5c888753b1f52b4c738046681982df10f37a1011b4a655f6e",
    "https://deno.land/x/alosaur@v0.38.0/src/injection/types/registration-options.ts": "9e6a461b589d74df3c00c7fd6679ece3b6e11a2a4ccfc04fa2cb8d70a7cf2036",
    "https://deno.land/x/alosaur@v0.38.0/src/metadata/action.ts": "8f8c3ee0ba1ae1145f867590e2d505be8892f74f3935f4c07a8313aa97a6ddf1",
    "https://deno.land/x/alosaur@v0.38.0/src/metadata/area.ts": "60360208dcf2122f226c6f7dc9c7e93ba918b0761045607d49c0ed4bc8475502",
    "https://deno.land/x/alosaur@v0.38.0/src/metadata/controller.ts": "bfb2613e31fd8c9b477a33918b1a2f5000f543cb5334fd168deaf00d46cad1c2",
    "https://deno.land/x/alosaur@v0.38.0/src/metadata/hook.ts": "a687dda60cd9f03fd923c0fd33aef4d7246a1d94d9066331f60fec5ab021ccd3",
    "https://deno.land/x/alosaur@v0.38.0/src/metadata/metadata.ts": "5ea1f6c026056f68378ec94672ea4950a5331021d1750e8b6bd7b4432639dc38",
    "https://deno.land/x/alosaur@v0.38.0/src/metadata/middleware.ts": "2a15a50dd450915210e0620f1ca8c8887d8d52c3e0f278e849deb6ef3fc2a90a",
    "https://deno.land/x/alosaur@v0.38.0/src/metadata/param.ts": "7ec5d1068b6d2be9d99431243df2d9529b944311f061bbd6c374f8796db5ba6f",
    "https://deno.land/x/alosaur@v0.38.0/src/metadata/route.ts": "46fd898bf5aad7d70f6840c695d13eadc4ec63f686cd129cd0ea02e379f608b2",
    "https://deno.land/x/alosaur@v0.38.0/src/middlewares/cors-builder.ts": "2b0b7352db583b9ee7fe2f5194d55a36f9ba4d547f917d395d1308e2fe5fc7fe",
    "https://deno.land/x/alosaur@v0.38.0/src/middlewares/mod.ts": "b4670aaa9e4ea3a7746545e90a784e62285d7495a5430cccf984946b70e0132b",
    "https://deno.land/x/alosaur@v0.38.0/src/middlewares/spa-builder.ts": "51aa5af8e4cee75f330e1d1d6239ffe519b3de626a215948d53bd10493e734b3",
    "https://deno.land/x/alosaur@v0.38.0/src/mod.ts": "30e1263af9a1b81964c20daf7da378245deea71bd6e06cf83abb7b5aca63e4ce",
    "https://deno.land/x/alosaur@v0.38.0/src/models/app-settings.ts": "d625cee76ec80f1c2248be139b02b36a9ae2022816000d35e9cdb6732c321320",
    "https://deno.land/x/alosaur@v0.38.0/src/models/context.ts": "5f702aa213baa8d80ee233062e7dfb6dbc20dadd8d253022b93fa112bc2ff35b",
    "https://deno.land/x/alosaur@v0.38.0/src/models/hook.ts": "e459e408b873730392b857f02b5e85bfd1eed5a708c784427b24aa85a64be7f3",
    "https://deno.land/x/alosaur@v0.38.0/src/models/http-context.ts": "339929773b2a2766774fe032766e4d78acb9694c200f28cb891c125a7130218e",
    "https://deno.land/x/alosaur@v0.38.0/src/models/middleware-target.ts": "db4b01c4c8cadc894359c5e72ec1dc7bb68b11c14b430ed19986e3982fe1091b",
    "https://deno.land/x/alosaur@v0.38.0/src/models/mod.ts": "6c3e4a9cff80e86fd3b3d18eb88cfff4391f974dc292a487c5ff6782e3e6e6e9",
    "https://deno.land/x/alosaur@v0.38.0/src/models/request.ts": "1ba9a7c59c5af435df05822f6825e9365eb45f986445bd0fd22244652acceb49",
    "https://deno.land/x/alosaur@v0.38.0/src/models/response.ts": "f12cc68a6703e80d1e9b89b2594e524f261916fdcbb2dac830258bcebefa1425",
    "https://deno.land/x/alosaur@v0.38.0/src/models/static-config.ts": "ae25d24c9b75bc10f9608512aea32ce6966f633b776861bd7a91b989e52ef577",
    "https://deno.land/x/alosaur@v0.38.0/src/models/tokens.model.ts": "57517f0d01444ded8810631928262e9b008000bd3d8d9faec229b541ceb81004",
    "https://deno.land/x/alosaur@v0.38.0/src/models/transform-config.ts": "1664f8529998af136773971b03326a518be45ed2f862be319a58c36327aa40f5",
    "https://deno.land/x/alosaur@v0.38.0/src/models/view-render-config.ts": "526ce27cfec08ca702fba012e4f07832ca5370a0decec1015635a2f0a9276c61",
    "https://deno.land/x/alosaur@v0.38.0/src/renderer/content.ts": "605c77da5ce4184d302d8686f5b1af6a843f65eb46b853c006841d42b2f9fad5",
    "https://deno.land/x/alosaur@v0.38.0/src/renderer/mod.ts": "8405aeff3e86d02cc26e7829f1bde61c504231f3151306b8f1f08700f8463407",
    "https://deno.land/x/alosaur@v0.38.0/src/renderer/no-content.ts": "bb4d83c59d62a8202c1c03466ec5fced3fdf79474de9ada9ee594ef85afae4f1",
    "https://deno.land/x/alosaur@v0.38.0/src/renderer/not-found.ts": "248cd122e6df9263ef5092c19918ca3b47ac13c50732d5972d5838168f2ecc66",
    "https://deno.land/x/alosaur@v0.38.0/src/renderer/redirect.ts": "6d22664295713d7b1717b8954dca304c58cbae73c7bab81cff27ddddba3cef59",
    "https://deno.land/x/alosaur@v0.38.0/src/renderer/view.ts": "4317fe6eb8fa8b2f65637d5e00c8d24a299254c7528882909493e710fbf64e71",
    "https://deno.land/x/alosaur@v0.38.0/src/route/get-action-params.ts": "e58b20978b6d126649d9c7cc395740d85980fbf49bb1c26e57a9fd010223bdf6",
    "https://deno.land/x/alosaur@v0.38.0/src/route/get-action.ts": "c6419a515d84a16a5030d9c57e5d2ce51d723d663158e18aa02ebd346b65b00c",
    "https://deno.land/x/alosaur@v0.38.0/src/route/get-hooks.ts": "cd4c323d3a8f349563441c4e89113dd043babe955a2199049efc418751d30f6b",
    "https://deno.land/x/alosaur@v0.38.0/src/route/route.models.ts": "523b90370c348fb2c8bdeb250ff3240b799379ee28261c228c6095838b48465b",
    "https://deno.land/x/alosaur@v0.38.0/src/route/route.utils.ts": "34ee74bb9f77b2f2ed09c9bc74c7fb53e0838f953085c6e139a9c73d256d4e08",
    "https://deno.land/x/alosaur@v0.38.0/src/server/handle-native-request.ts": "4a111052a4ceb1ac7b481f519268b8e089e9e512407b6aa0d11fe3fdef4b1d98",
    "https://deno.land/x/alosaur@v0.38.0/src/sse/accept-sse.ts": "792616baa9962ede307f090285bc8974e1d49492a72e1966ea7e60ea9616af33",
    "https://deno.land/x/alosaur@v0.38.0/src/static/send.ts": "685ffb7ce8affdfa23ef90a656e1398be887fbdee28b7108e1f2c97baf7693ab",
    "https://deno.land/x/alosaur@v0.38.0/src/types/business.ts": "29bce9e709fa7299393d1acee5b26b1d944135fded0806eaf32f29946b47887c",
    "https://deno.land/x/alosaur@v0.38.0/src/types/mod.ts": "e4bb37100775f321c63085c8852766f20ac74a83ca87b3ebc74154eb29ac07d2",
    "https://deno.land/x/alosaur@v0.38.0/src/types/param.ts": "a52b268a48198681c81e810658944d51bc7d28a16c26ff6b198fe42c6f657827",
    "https://deno.land/x/alosaur@v0.38.0/src/types/provider-declaration.ts": "f58f5ac2f9e3838a78a01c495e3d170a0271c3f43779604dcc23e2497c533d67",
    "https://deno.land/x/alosaur@v0.38.0/src/types/request-method.ts": "a99b8db6eca211371caf38aec7ddf3d90be088b911c0e6f045eea46d64189af4",
    "https://deno.land/x/alosaur@v0.38.0/src/types/type.ts": "e49d33ebba6e83ecae717128d0315d999d126ee51571e58c04bb6e3f0f058a39",
    "https://deno.land/x/alosaur@v0.38.0/src/utils/get-body.ts": "1dc5bbc6b4890ec5e76912618a551f8811e82a9e48044bc192159df7bba14bdc",
    "https://deno.land/x/alosaur@v0.38.0/src/utils/get-form-data.ts": "663d41a83160002891913b12a9edb50f4b2e35294f10efc6fc911e34d0dee4a1",
    "https://deno.land/x/alosaur@v0.38.0/src/utils/get-static-file.ts": "1bab7deb6c4cbbf2ce1a9f5ab413763dc3b18f8431f58ad4a6300a53e8ac16de",
    "https://deno.land/x/alosaur@v0.38.0/src/utils/hook.utils.ts": "1687cf8c99af79bd5c16b80a80f1f62ea95cfd4b8129b0102a6bbcbc4f961dd8",
    "https://deno.land/x/alosaur@v0.38.0/src/utils/register-actions.ts": "63727f53cbf6c8bac436354d82f55b4838b3c02809224b020bedbe6c62ae7cb5",
    "https://deno.land/x/alosaur@v0.38.0/src/utils/register-areas.ts": "57c4ee06c098ec15427c8788f7ffb91758e1298ae4d0806ad9889b723f57ea04",
    "https://deno.land/x/alosaur@v0.38.0/src/utils/register-controllers.ts": "9a2a2c3365d3c313094d58c9e3992a3f8d99fee39d6276f1179b02de9ea54a7b",
    "https://deno.land/x/alosaur@v0.38.0/src/utils/register-hooks.ts": "2db593081d386d9418e131d6978323d202f93d334940984aa5d4c286aa2a23a1",
    "https://deno.land/x/alosaur@v0.38.0/src/utils/register-providers.ts": "26bd262fe62e28a56b47769ff627020bd3887a9b6669dc6e3a5506c4443c6fae",
    "https://deno.land/x/alosaur@v0.38.0/src/version.ts": "ee7a06a56104cba11a268257975c27fd006acae4b6f4d5d6c40bcc6ef997c80e",
    "https://deno.land/x/media_types@v2.11.1/db.ts": "1eac2b1b57195e41d7e40d7b236a3adeb93b4fa18084b4c9db49144fe685c78d",
    "https://deno.land/x/media_types@v2.11.1/mod.ts": "1be09ec3626332f9fe52a8a9ede852bb76d2207f84bec1f1b16c10555478008f",
    "https://deno.land/x/ulid@v0.3.0/mod.ts": "f7ff065b66abd485051fc68af23becef6ccc7e81f7774d7fcfd894a4b2da1984",
    "https://raw.githubusercontent.com/gaia-web/exp_deno-micro-cms/45b54ada344f064a56b530dbc6ef4881eb63a5e2/areas/core.area.ts": "20dbfd9a416edaffecc7dde8390c1c228e29c7bdea6e04c9c12b0e90a94c28a6",
    "https://raw.githubusercontent.com/gaia-web/exp_deno-micro-cms/45b54ada344f064a56b530dbc6ef4881eb63a5e2/areas/home.area.ts": "1b5ed82716bcfe78c1b3d8b0e0a55c9b01bf20bfb21d638b2dbd2f550b7e60f5",
    "https://raw.githubusercontent.com/gaia-web/exp_deno-micro-cms/45b54ada344f064a56b530dbc6ef4881eb63a5e2/controllers/auth.controller.ts": "cac9d6f675e9c976cd630b44f96f2d3d12efe6bcc3deab62183942129c855caf",
    "https://raw.githubusercontent.com/gaia-web/exp_deno-micro-cms/45b54ada344f064a56b530dbc6ef4881eb63a5e2/controllers/document.controller.ts": "d1a161bc53329e4267b59a297b51cefc6b357617c1b3cf264a9963a594a325c2",
    "https://raw.githubusercontent.com/gaia-web/exp_deno-micro-cms/45b54ada344f064a56b530dbc6ef4881eb63a5e2/controllers/general.controller.ts": "62ac9aee487c2ef5670e41d77385a2dbba89668a47a4959148c9562cc14bb989",
    "https://raw.githubusercontent.com/gaia-web/exp_deno-micro-cms/45b54ada344f064a56b530dbc6ef4881eb63a5e2/controllers/home.controller.ts": "6e3de227622977b6fddc6d21f252dc01380a27f1e6880c1f7185a8c208a312bd",
    "https://raw.githubusercontent.com/gaia-web/exp_deno-micro-cms/45b54ada344f064a56b530dbc6ef4881eb63a5e2/deps/alosaur.ts": "812792f296cc0d323bd6fdfb9e09c475ad8acfbd2455fac90fb81f842523682b",
    "https://raw.githubusercontent.com/gaia-web/exp_deno-micro-cms/45b54ada344f064a56b530dbc6ef4881eb63a5e2/deps/std/http.ts": "767979fdf296e809f04f71cda926bb115fcd6ec15720ae7b85a99d81b38c5f30",
    "https://raw.githubusercontent.com/gaia-web/exp_deno-micro-cms/45b54ada344f064a56b530dbc6ef4881eb63a5e2/deps/ulid.ts": "a7390c4ae0d841ab1f0acf28d75b4553269cccd5dfad627443fcb0ae14d37dd1",
    "https://raw.githubusercontent.com/gaia-web/exp_deno-micro-cms/45b54ada344f064a56b530dbc6ef4881eb63a5e2/mod.ts": "69d3653dfd04e49b40957c6f042cb936c9037cbc5ff81fe13cd4227d0a540386",
    "https://raw.githubusercontent.com/gaia-web/exp_deno-micro-cms/45b54ada344f064a56b530dbc6ef4881eb63a5e2/utils/app-config.ts": "7c5fb181c8a5eeb749e4a528331ce318e900c5c8410e5bb1d1083906fa66e48f",
    "https://raw.githubusercontent.com/gaia-web/exp_deno-micro-cms/45b54ada344f064a56b530dbc6ef4881eb63a5e2/utils/auth.hook.ts": "997ab9c2e691a22856bf30b1b79195393038eb5da97c735c911ee7b8a27b3a54",
    "https://raw.githubusercontent.com/gaia-web/exp_deno-micro-cms/45b54ada344f064a56b530dbc6ef4881eb63a5e2/utils/db-namespaces.ts": "17efe5d9b17ae1416007f0e75a4f26eb8cb40dd16ff262357540f6d0716c1c9f",
    "https://raw.githubusercontent.com/gaia-web/exp_deno-micro-cms/45b54ada344f064a56b530dbc6ef4881eb63a5e2/utils/db.ts": "fc3ac46641549e390587b27ea18ead411ba52b153f6c0c3f9445d58217cb5682"
  }
}
